
Microsoft Visual Studio Solution File, Format Version 12.00
# Visual Studio Version 17
VisualStudioVersion = 17.7.34221.43
MinimumVisualStudioVersion = 10.0.40219.1
Project("{FAE04EC0-301F-11D3-BF4B-00C04F79EFBC}") = "ProjetECommerce", "ProjetECommerce.csproj", "{F240B67B-6965-438E-8F8A-7181C3463347}"
EndProject
Global
	GlobalSection(SolutionConfigurationPlatforms) = preSolution
		Debug|Any CPU = Debug|Any CPU
		Release|Any CPU = Release|Any CPU
	EndGlobalSection
	GlobalSection(ProjectConfigurationPlatforms) = postSolution
		{F240B67B-6965-438E-8F8A-7181C3463347}.Debug|Any CPU.ActiveCfg = Debug|Any CPU
		{F240B67B-6965-438E-8F8A-7181C3463347}.Debug|Any CPU.Build.0 = Debug|Any CPU
		{F240B67B-6965-438E-8F8A-7181C3463347}.Release|Any CPU.ActiveCfg = Release|Any CPU
		{F240B67B-6965-438E-8F8A-7181C3463347}.Release|Any CPU.Build.0 = Release|Any CPU
	EndGlobalSection
	GlobalSection(SolutionProperties) = preSolution
		HideSolutionNode = FALSE
	EndGlobalSection
	GlobalSection(ExtensibilityGlobals) = postSolution
		SolutionGuid = {1BFD0287-6838-47D1-A000-1C0502CA1C17}
	EndGlobalSection
EndGlobal
